{
  "name": "kdapp",
  "lockfileVersion": 3,
  "requires": true,
  "packages": {
    "": {
      "dependencies": {
        "@dcloudio/uni-ui": "^1.5.11"
      }
    },
    "node_modules/@dcloudio/uni-ui": {
      "version": "1.5.11",
      "resolved": "https://registry.npmjs.org/@dcloudio/uni-ui/-/uni-ui-1.5.11.tgz",
      "integrity": "sha512-DBtk046ofmeFd82zRI7d89SoEwrAxYzUN3WVPm1DIBkpLPG5F5QDNkHMnZGu2wNrMEmGBjBpUh3vqEY1L3jaMw==",
      "license": "Apache-2.0"
    }
  }
}
